
Microsoft Visual Studio Solution File, Format Version 12.00
# Visual Studio Version 16
VisualStudioVersion = 16.0.29102.190
MinimumVisualStudioVersion = 10.0.40219.1
Project("{8BC9CEB8-8B4A-11D0-8D11-00A0C91BC942}") = "Week2", "Week2\Week2.vcxproj", "{D5FB171D-4F1A-4F31-8510-FD1C3896D519}"
EndProject
Project("{8BC9CEB8-8B4A-11D0-8D11-00A0C91BC942}") = "Week1", "Week1\Week1.vcxproj", "{488DB377-0A7B-459F-B8FE-1D0CCF66AEE7}"
EndProject
Project("{8BC9CEB8-8B4A-11D0-8D11-00A0C91BC942}") = "Week3", "Week3\Week3.vcxproj", "{A9CE88CF-1AAB-42E9-85DA-DC5CAAA6A2D8}"
EndProject
Project("{8BC9CEB8-8B4A-11D0-8D11-00A0C91BC942}") = "Testing", "Testing\Testing.vcxproj", "{FAD7E705-AAB8-49E9-93C8-80F873A60B75}"
EndProject
Project("{8BC9CEB8-8B4A-11D0-8D11-00A0C91BC942}") = "Week4", "Week4\Week4.vcxproj", "{D8FDF090-E60F-407B-9167-E8863B8C7CFC}"
EndProject
Project("{8BC9CEB8-8B4A-11D0-8D11-00A0C91BC942}") = "Week5", "Week5\Week5.vcxproj", "{38DCFAAD-698F-46F2-B149-D40534BF66C4}"
EndProject
Project("{8BC9CEB8-8B4A-11D0-8D11-00A0C91BC942}") = "Week6", "Week6\Week6.vcxproj", "{B1BE6908-66FB-4849-B254-529E7D0543CD}"
EndProject
Project("{8BC9CEB8-8B4A-11D0-8D11-00A0C91BC942}") = "Week7", "Week7\Week7.vcxproj", "{E69A0D3C-E7AC-4B20-85CC-21AC55F9771D}"
EndProject
Global
	GlobalSection(SolutionConfigurationPlatforms) = preSolution
		Debug|x64 = Debug|x64
		Debug|x86 = Debug|x86
		Release|x64 = Release|x64
		Release|x86 = Release|x86
	EndGlobalSection
	GlobalSection(ProjectConfigurationPlatforms) = postSolution
		{D5FB171D-4F1A-4F31-8510-FD1C3896D519}.Debug|x64.ActiveCfg = Debug|x64
		{D5FB171D-4F1A-4F31-8510-FD1C3896D519}.Debug|x64.Build.0 = Debug|x64
		{D5FB171D-4F1A-4F31-8510-FD1C3896D519}.Debug|x86.ActiveCfg = Debug|Win32
		{D5FB171D-4F1A-4F31-8510-FD1C3896D519}.Debug|x86.Build.0 = Debug|Win32
		{D5FB171D-4F1A-4F31-8510-FD1C3896D519}.Release|x64.ActiveCfg = Release|x64
		{D5FB171D-4F1A-4F31-8510-FD1C3896D519}.Release|x64.Build.0 = Release|x64
		{D5FB171D-4F1A-4F31-8510-FD1C3896D519}.Release|x86.ActiveCfg = Release|Win32
		{D5FB171D-4F1A-4F31-8510-FD1C3896D519}.Release|x86.Build.0 = Release|Win32
		{488DB377-0A7B-459F-B8FE-1D0CCF66AEE7}.Debug|x64.ActiveCfg = Debug|x64
		{488DB377-0A7B-459F-B8FE-1D0CCF66AEE7}.Debug|x64.Build.0 = Debug|x64
		{488DB377-0A7B-459F-B8FE-1D0CCF66AEE7}.Debug|x86.ActiveCfg = Debug|Win32
		{488DB377-0A7B-459F-B8FE-1D0CCF66AEE7}.Debug|x86.Build.0 = Debug|Win32
		{488DB377-0A7B-459F-B8FE-1D0CCF66AEE7}.Release|x64.ActiveCfg = Release|x64
		{488DB377-0A7B-459F-B8FE-1D0CCF66AEE7}.Release|x64.Build.0 = Release|x64
		{488DB377-0A7B-459F-B8FE-1D0CCF66AEE7}.Release|x86.ActiveCfg = Release|Win32
		{488DB377-0A7B-459F-B8FE-1D0CCF66AEE7}.Release|x86.Build.0 = Release|Win32
		{A9CE88CF-1AAB-42E9-85DA-DC5CAAA6A2D8}.Debug|x64.ActiveCfg = Debug|x64
		{A9CE88CF-1AAB-42E9-85DA-DC5CAAA6A2D8}.Debug|x64.Build.0 = Debug|x64
		{A9CE88CF-1AAB-42E9-85DA-DC5CAAA6A2D8}.Debug|x86.ActiveCfg = Debug|Win32
		{A9CE88CF-1AAB-42E9-85DA-DC5CAAA6A2D8}.Debug|x86.Build.0 = Debug|Win32
		{A9CE88CF-1AAB-42E9-85DA-DC5CAAA6A2D8}.Release|x64.ActiveCfg = Release|x64
		{A9CE88CF-1AAB-42E9-85DA-DC5CAAA6A2D8}.Release|x64.Build.0 = Release|x64
		{A9CE88CF-1AAB-42E9-85DA-DC5CAAA6A2D8}.Release|x86.ActiveCfg = Release|Win32
		{A9CE88CF-1AAB-42E9-85DA-DC5CAAA6A2D8}.Release|x86.Build.0 = Release|Win32
		{FAD7E705-AAB8-49E9-93C8-80F873A60B75}.Debug|x64.ActiveCfg = Debug|x64
		{FAD7E705-AAB8-49E9-93C8-80F873A60B75}.Debug|x64.Build.0 = Debug|x64
		{FAD7E705-AAB8-49E9-93C8-80F873A60B75}.Debug|x86.ActiveCfg = Debug|Win32
		{FAD7E705-AAB8-49E9-93C8-80F873A60B75}.Debug|x86.Build.0 = Debug|Win32
		{FAD7E705-AAB8-49E9-93C8-80F873A60B75}.Release|x64.ActiveCfg = Release|x64
		{FAD7E705-AAB8-49E9-93C8-80F873A60B75}.Release|x64.Build.0 = Release|x64
		{FAD7E705-AAB8-49E9-93C8-80F873A60B75}.Release|x86.ActiveCfg = Release|Win32
		{FAD7E705-AAB8-49E9-93C8-80F873A60B75}.Release|x86.Build.0 = Release|Win32
		{D8FDF090-E60F-407B-9167-E8863B8C7CFC}.Debug|x64.ActiveCfg = Debug|x64
		{D8FDF090-E60F-407B-9167-E8863B8C7CFC}.Debug|x64.Build.0 = Debug|x64
		{D8FDF090-E60F-407B-9167-E8863B8C7CFC}.Debug|x86.ActiveCfg = Debug|Win32
		{D8FDF090-E60F-407B-9167-E8863B8C7CFC}.Debug|x86.Build.0 = Debug|Win32
		{D8FDF090-E60F-407B-9167-E8863B8C7CFC}.Release|x64.ActiveCfg = Release|x64
		{D8FDF090-E60F-407B-9167-E8863B8C7CFC}.Release|x64.Build.0 = Release|x64
		{D8FDF090-E60F-407B-9167-E8863B8C7CFC}.Release|x86.ActiveCfg = Release|Win32
		{D8FDF090-E60F-407B-9167-E8863B8C7CFC}.Release|x86.Build.0 = Release|Win32
		{38DCFAAD-698F-46F2-B149-D40534BF66C4}.Debug|x64.ActiveCfg = Debug|x64
		{38DCFAAD-698F-46F2-B149-D40534BF66C4}.Debug|x64.Build.0 = Debug|x64
		{38DCFAAD-698F-46F2-B149-D40534BF66C4}.Debug|x86.ActiveCfg = Debug|Win32
		{38DCFAAD-698F-46F2-B149-D40534BF66C4}.Debug|x86.Build.0 = Debug|Win32
		{38DCFAAD-698F-46F2-B149-D40534BF66C4}.Release|x64.ActiveCfg = Release|x64
		{38DCFAAD-698F-46F2-B149-D40534BF66C4}.Release|x64.Build.0 = Release|x64
		{38DCFAAD-698F-46F2-B149-D40534BF66C4}.Release|x86.ActiveCfg = Release|Win32
		{38DCFAAD-698F-46F2-B149-D40534BF66C4}.Release|x86.Build.0 = Release|Win32
		{B1BE6908-66FB-4849-B254-529E7D0543CD}.Debug|x64.ActiveCfg = Debug|x64
		{B1BE6908-66FB-4849-B254-529E7D0543CD}.Debug|x64.Build.0 = Debug|x64
		{B1BE6908-66FB-4849-B254-529E7D0543CD}.Debug|x86.ActiveCfg = Debug|Win32
		{B1BE6908-66FB-4849-B254-529E7D0543CD}.Debug|x86.Build.0 = Debug|Win32
		{B1BE6908-66FB-4849-B254-529E7D0543CD}.Release|x64.ActiveCfg = Release|x64
		{B1BE6908-66FB-4849-B254-529E7D0543CD}.Release|x64.Build.0 = Release|x64
		{B1BE6908-66FB-4849-B254-529E7D0543CD}.Release|x86.ActiveCfg = Release|Win32
		{B1BE6908-66FB-4849-B254-529E7D0543CD}.Release|x86.Build.0 = Release|Win32
		{E69A0D3C-E7AC-4B20-85CC-21AC55F9771D}.Debug|x64.ActiveCfg = Debug|x64
		{E69A0D3C-E7AC-4B20-85CC-21AC55F9771D}.Debug|x64.Build.0 = Debug|x64
		{E69A0D3C-E7AC-4B20-85CC-21AC55F9771D}.Debug|x86.ActiveCfg = Debug|Win32
		{E69A0D3C-E7AC-4B20-85CC-21AC55F9771D}.Debug|x86.Build.0 = Debug|Win32
		{E69A0D3C-E7AC-4B20-85CC-21AC55F9771D}.Release|x64.ActiveCfg = Release|x64
		{E69A0D3C-E7AC-4B20-85CC-21AC55F9771D}.Release|x64.Build.0 = Release|x64
		{E69A0D3C-E7AC-4B20-85CC-21AC55F9771D}.Release|x86.ActiveCfg = Release|Win32
		{E69A0D3C-E7AC-4B20-85CC-21AC55F9771D}.Release|x86.Build.0 = Release|Win32
	EndGlobalSection
	GlobalSection(SolutionProperties) = preSolution
		HideSolutionNode = FALSE
	EndGlobalSection
	GlobalSection(ExtensibilityGlobals) = postSolution
		SolutionGuid = {0197BA2B-14EF-4DF0-81F1-CE5E1752F63A}
	EndGlobalSection
EndGlobal
